
Microsoft Visual Studio Solution File, Format Version 12.00
# Visual Studio Version 17
VisualStudioVersion = 17.5.33516.290
MinimumVisualStudioVersion = 10.0.40219.1
Project("{FAE04EC0-301F-11D3-BF4B-00C04F79EFBC}") = "WinFormPoC", "WinFormPoC.csproj", "{FB2FCBCB-5298-431F-B9FC-68E1D38330CA}"
EndProject
Project("{54435603-DBB4-11D2-8724-00A0C9A8B90C}") = "WinformPoCProjects", "..\WinformPoCProjects\WinformPoCProjects.vdproj", "{FA3C82D5-50A1-4862-A550-9CCD9DFEEE59}"
EndProject
Global
	GlobalSection(SolutionConfigurationPlatforms) = preSolution
		Debug|Any CPU = Debug|Any CPU
		Release|Any CPU = Release|Any CPU
	EndGlobalSection
	GlobalSection(ProjectConfigurationPlatforms) = postSolution
		{FB2FCBCB-5298-431F-B9FC-68E1D38330CA}.Debug|Any CPU.ActiveCfg = Debug|Any CPU
		{FB2FCBCB-5298-431F-B9FC-68E1D38330CA}.Debug|Any CPU.Build.0 = Debug|Any CPU
		{FB2FCBCB-5298-431F-B9FC-68E1D38330CA}.Release|Any CPU.ActiveCfg = Release|Any CPU
		{FB2FCBCB-5298-431F-B9FC-68E1D38330CA}.Release|Any CPU.Build.0 = Release|Any CPU
		{FA3C82D5-50A1-4862-A550-9CCD9DFEEE59}.Debug|Any CPU.ActiveCfg = Debug
		{FA3C82D5-50A1-4862-A550-9CCD9DFEEE59}.Release|Any CPU.ActiveCfg = Release
	EndGlobalSection
	GlobalSection(SolutionProperties) = preSolution
		HideSolutionNode = FALSE
	EndGlobalSection
	GlobalSection(ExtensibilityGlobals) = postSolution
		SolutionGuid = {1069CA5C-99EA-4B1B-A5CD-CBFE76C35B17}
	EndGlobalSection
EndGlobal
